
Microsoft Visual Studio Solution File, Format Version 12.00
# Visual Studio Version 17
VisualStudioVersion = 17.2.32317.152
MinimumVisualStudioVersion = 10.0.40219.1
Project("{FAE04EC0-301F-11D3-BF4B-00C04F79EFBC}") = "Spacetime.gRPC.Wrapper", "Spacetime.gRPC.Wrapper.csproj", "{39F1D987-7895-4B80-827D-B21A921F5053}"
EndProject
Project("{FAE04EC0-301F-11D3-BF4B-00C04F79EFBC}") = "Spacetime.gRPC.Wrapper.Tests", "..\Spacetime.gRPC.Wrapper.Tests\Spacetime.gRPC.Wrapper.Tests.csproj", "{010A7810-F392-4E15-AFB8-2EE1D2354917}"
EndProject
Global
	GlobalSection(SolutionConfigurationPlatforms) = preSolution
		Debug|Any CPU = Debug|Any CPU
		Release|Any CPU = Release|Any CPU
	EndGlobalSection
	GlobalSection(ProjectConfigurationPlatforms) = postSolution
		{39F1D987-7895-4B80-827D-B21A921F5053}.Debug|Any CPU.ActiveCfg = Debug|Any CPU
		{39F1D987-7895-4B80-827D-B21A921F5053}.Debug|Any CPU.Build.0 = Debug|Any CPU
		{39F1D987-7895-4B80-827D-B21A921F5053}.Release|Any CPU.ActiveCfg = Release|Any CPU
		{39F1D987-7895-4B80-827D-B21A921F5053}.Release|Any CPU.Build.0 = Release|Any CPU
		{010A7810-F392-4E15-AFB8-2EE1D2354917}.Debug|Any CPU.ActiveCfg = Debug|Any CPU
		{010A7810-F392-4E15-AFB8-2EE1D2354917}.Debug|Any CPU.Build.0 = Debug|Any CPU
		{010A7810-F392-4E15-AFB8-2EE1D2354917}.Release|Any CPU.ActiveCfg = Release|Any CPU
		{010A7810-F392-4E15-AFB8-2EE1D2354917}.Release|Any CPU.Build.0 = Release|Any CPU
	EndGlobalSection
	GlobalSection(SolutionProperties) = preSolution
		HideSolutionNode = FALSE
	EndGlobalSection
	GlobalSection(ExtensibilityGlobals) = postSolution
		SolutionGuid = {C446BD75-5B35-46EE-A80C-F78C50858D29}
	EndGlobalSection
EndGlobal
